
Microsoft Visual Studio Solution File, Format Version 12.00
# Visual Studio Version 16
VisualStudioVersion = 16.0.30309.148
MinimumVisualStudioVersion = 10.0.40219.1
Project("{FAE04EC0-301F-11D3-BF4B-00C04F79EFBC}") = "MyWebSite", "MyWebSite\MyWebSite.csproj", "{99CE73C4-A934-45FA-9379-08E25210966D}"
EndProject
Global
	GlobalSection(SolutionConfigurationPlatforms) = preSolution
		Debug|Any CPU = Debug|Any CPU
		Release|Any CPU = Release|Any CPU
	EndGlobalSection
	GlobalSection(ProjectConfigurationPlatforms) = postSolution
		{99CE73C4-A934-45FA-9379-08E25210966D}.Debug|Any CPU.ActiveCfg = Debug|Any CPU
		{99CE73C4-A934-45FA-9379-08E25210966D}.Debug|Any CPU.Build.0 = Debug|Any CPU
		{99CE73C4-A934-45FA-9379-08E25210966D}.Release|Any CPU.ActiveCfg = Release|Any CPU
		{99CE73C4-A934-45FA-9379-08E25210966D}.Release|Any CPU.Build.0 = Release|Any CPU
	EndGlobalSection
	GlobalSection(SolutionProperties) = preSolution
		HideSolutionNode = FALSE
	EndGlobalSection
	GlobalSection(ExtensibilityGlobals) = postSolution
		SolutionGuid = {551A1151-41C6-4561-AD59-8DB0028A4EAF}
	EndGlobalSection
EndGlobal
